<?xml version="1.0" encoding="utf-8"?>
<Project ToolsVersion="4.0" xmlns="http://schemas.microsoft.com/developer/msbuild/2003">
  <ItemGroup>
    <Filter Include="Source Files">
      <UniqueIdentifier>{4FC737F1-C7A5-4376-A066-2A32D752A2FF}</UniqueIdentifier>
      <Extensions>cpp;c;cc;cxx;c++;cppm;ixx;def;odl;idl;hpj;bat;asm;asmx</Extensions>
    </Filter>
    <Filter Include="Header Files">
      <UniqueIdentifier>{93995380-89BD-4b04-88EB-625FBE52EBFB}</UniqueIdentifier>
      <Extensions>h;hh;hpp;hxx;h++;hm;inl;inc;ipp;xsd</Extensions>
    </Filter>
    <Filter Include="Resource Files">
      <UniqueIdentifier>{67DA6AB6-F800-4c08-8B7A-83BB121AAD01}</UniqueIdentifier>
      <Extensions>rc;ico;cur;bmp;dlg;rc2;rct;bin;rgs;gif;jpg;jpeg;jpe;resx;tiff;tif;png;wav;mfcribbon-ms</Extensions>
    </Filter>
  </ItemGroup>
  <ItemGroup>
    <ClCompile Include="main.cpp">
      <Filter>Source Files</Filter>
    </ClCompile>
    <ClCompile Include="glad.c">
      <Filter>Source Files</Filter>
    </ClCompile>
  </ItemGroup>
  <ItemGroup>
    <None Include=".gitignore" />
    <None Include="x64\Debug\OpenGL-Learning.exe" />
    <None Include="x64\Debug\OpenGL-Learning.exe.recipe" />
    <None Include="x64\Debug\OpenGL-Learning.ilk" />
    <None Include="x64\Debug\OpenGL-Learning.pdb" />
    <None Include="x64\Debug\vc143.idb" />
    <None Include="x64\Debug\vc143.pdb" />
    <None Include="x64\Debug\OpenGL-Learning.tlog\CL.command.1.tlog" />
    <None Include="x64\Debug\OpenGL-Learning.tlog\Cl.items.tlog" />
    <None Include="x64\Debug\OpenGL-Learning.tlog\CL.read.1.tlog" />
    <None Include="x64\Debug\OpenGL-Learning.tlog\CL.write.1.tlog" />
    <None Include="x64\Debug\OpenGL-Learning.tlog\link.command.1.tlog" />
    <None Include="x64\Debug\OpenGL-Learning.tlog\link.read.1.tlog" />
    <None Include="x64\Debug\OpenGL-Learning.tlog\link.write.1.tlog" />
    <None Include="x64\Debug\OpenGL-Learning.tlog\OpenGL-Learning.lastbuildstate" />
    <None Include="SHADERS\VertexShader.glsl" />
    <None Include="SHADERS\FragmentShader.glsl" />
  </ItemGroup>
  <ItemGroup>
    <Library Include="lib\glfw3.lib" />
  </ItemGroup>
  <ItemGroup>
    <Object Include="x64\Debug\main.obj" />
  </ItemGroup>
  <ItemGroup>
    <Text Include="x64\Debug\OpenGL-Learning.log" />
    <Text Include="x64\Debug\OpenGL-Learning.vcxproj.FileListAbsolute.txt" />
  </ItemGroup>
  <ItemGroup>
    <ClInclude Include="include\KHR\khrplatform.h">
      <Filter>Header Files</Filter>
    </ClInclude>
    <ClInclude Include="include\GLAD\glad.h">
      <Filter>Header Files</Filter>
    </ClInclude>
    <ClInclude Include="include\GLFW\glfw3.h">
      <Filter>Header Files</Filter>
    </ClInclude>
    <ClInclude Include="include\GLFW\glfw3native.h">
      <Filter>Header Files</Filter>
    </ClInclude>
    <ClInclude Include="include\SHADERCLASS\shader.h">
      <Filter>Header Files</Filter>
    </ClInclude>
  </ItemGroup>
</Project>